{
  "nodes": {
    "flakeNimbleLib": {
      "inputs": {
        "nixpkgs": [
          "nixpkgs"
        ]
      },
      "locked": {
        "lastModified": 1662018438,
        "narHash": "sha256-QtNtU6+LX3Wokxf0zlFwKTFOcn6TeDjKQZ+DA9OYtvM=",
        "owner": "riinr",
        "repo": "nim-flakes-lib",
        "rev": "b1fe8340736e3a85d25c709ac3dfd82a55c03cbf",
        "type": "github"
      },
      "original": {
        "owner": "riinr",
        "ref": "master",
        "repo": "nim-flakes-lib",
        "type": "github"
      }
    },
    "nixpkgs": {
      "locked": {
        "lastModified": 1667199707,
        "narHash": "sha256-I2Js3Y7gUyVSEXPULHlBoRek4Lh85vnevdS6mdvDNLI=",
        "owner": "NixOS",
        "repo": "nixpkgs",
        "rev": "ced197be72099edcfa68ebed8b87af7b04851f45",
        "type": "github"
      },
      "original": {
        "id": "nixpkgs",
        "type": "indirect"
      }
    },
    "root": {
      "inputs": {
        "flakeNimbleLib": "flakeNimbleLib",
        "nixpkgs": "nixpkgs",
        "spacenav-master": "spacenav-master"
      }
    },
    "spacenav-master": {
      "inputs": {
        "flakeNimbleLib": [
          "flakeNimbleLib"
        ],
        "nixpkgs": [
          "nixpkgs"
        ],
        "src-spacenav-master": "src-spacenav-master"
      },
      "locked": {
        "dir": "master",
        "lastModified": 1667322689,
        "narHash": "sha256-/7SroP6Hfmb167zwSjZ2IKC8jJUjHWIV1PSRV2cQx98=",
        "owner": "nim-nix-pkgs",
        "repo": "spacenav",
        "rev": "6cf8b27ce47c19b21f837e7b7b2990198e58848c",
        "type": "github"
      },
      "original": {
        "dir": "master",
        "owner": "nim-nix-pkgs",
        "ref": "master",
        "repo": "spacenav",
        "type": "github"
      }
    },
    "src-spacenav-master": {
      "flake": false,
      "locked": {
        "lastModified": 1454172416,
        "narHash": "sha256-Iwat62RGvKukyHlma0ld4DP7yiibNpEgFvjk9GPyXAk=",
        "owner": "nimious",
        "repo": "spacenav",
        "rev": "9c1821bee7d389309e48ab799a0025e4a973e9c4",
        "type": "github"
      },
      "original": {
        "owner": "nimious",
        "ref": "refs/heads/master",
        "repo": "spacenav",
        "type": "github"
      }
    }
  },
  "root": "root",
  "version": 7
}
